
Microsoft Visual Studio Solution File, Format Version 12.00
# Visual Studio Version 16
VisualStudioVersion = 16.0.30406.217
MinimumVisualStudioVersion = 10.0.40219.1
Project("{FAE04EC0-301F-11D3-BF4B-00C04F79EFBC}") = "Xboox", "Xboox\Xboox.csproj", "{B2951B6D-BC17-4F20-BA33-DA3D73D09794}"
EndProject
Project("{FAE04EC0-301F-11D3-BF4B-00C04F79EFBC}") = "XbooxCMS", "XbooxCMS\XbooxCMS.csproj", "{539560A9-0F93-43C1-BE78-8C60C2DA8055}"
EndProject
Global
	GlobalSection(SolutionConfigurationPlatforms) = preSolution
		Debug|Any CPU = Debug|Any CPU
		Release|Any CPU = Release|Any CPU
	EndGlobalSection
	GlobalSection(ProjectConfigurationPlatforms) = postSolution
		{B2951B6D-BC17-4F20-BA33-DA3D73D09794}.Debug|Any CPU.ActiveCfg = Debug|Any CPU
		{B2951B6D-BC17-4F20-BA33-DA3D73D09794}.Debug|Any CPU.Build.0 = Debug|Any CPU
		{B2951B6D-BC17-4F20-BA33-DA3D73D09794}.Release|Any CPU.ActiveCfg = Release|Any CPU
		{B2951B6D-BC17-4F20-BA33-DA3D73D09794}.Release|Any CPU.Build.0 = Release|Any CPU
		{539560A9-0F93-43C1-BE78-8C60C2DA8055}.Debug|Any CPU.ActiveCfg = Debug|Any CPU
		{539560A9-0F93-43C1-BE78-8C60C2DA8055}.Debug|Any CPU.Build.0 = Debug|Any CPU
		{539560A9-0F93-43C1-BE78-8C60C2DA8055}.Release|Any CPU.ActiveCfg = Release|Any CPU
		{539560A9-0F93-43C1-BE78-8C60C2DA8055}.Release|Any CPU.Build.0 = Release|Any CPU
	EndGlobalSection
	GlobalSection(SolutionProperties) = preSolution
		HideSolutionNode = FALSE
	EndGlobalSection
	GlobalSection(ExtensibilityGlobals) = postSolution
		SolutionGuid = {1774CD7F-B868-497F-A35E-78C98AC15AC8}
	EndGlobalSection
EndGlobal
